
Microsoft Visual Studio Solution File, Format Version 12.00
# Visual Studio 15
VisualStudioVersion = 15.0.27004.2006
MinimumVisualStudioVersion = 10.0.40219.1
Project("{F2A71F9B-5D33-465A-A702-920D77279786}") = "StudentsTask", "StudentsTask\StudentsTask.fsproj", "{AB380300-90B8-4FE6-98B1-C29BEC8881BC}"
EndProject
Global
	GlobalSection(SolutionConfigurationPlatforms) = preSolution
		Debug|Any CPU = Debug|Any CPU
		Release|Any CPU = Release|Any CPU
	EndGlobalSection
	GlobalSection(ProjectConfigurationPlatforms) = postSolution
		{AB380300-90B8-4FE6-98B1-C29BEC8881BC}.Debug|Any CPU.ActiveCfg = Debug|Any CPU
		{AB380300-90B8-4FE6-98B1-C29BEC8881BC}.Debug|Any CPU.Build.0 = Debug|Any CPU
		{AB380300-90B8-4FE6-98B1-C29BEC8881BC}.Release|Any CPU.ActiveCfg = Release|Any CPU
		{AB380300-90B8-4FE6-98B1-C29BEC8881BC}.Release|Any CPU.Build.0 = Release|Any CPU
	EndGlobalSection
	GlobalSection(SolutionProperties) = preSolution
		HideSolutionNode = FALSE
	EndGlobalSection
	GlobalSection(ExtensibilityGlobals) = postSolution
		SolutionGuid = {0B37435B-134B-4901-9D00-7CFE24960955}
	EndGlobalSection
EndGlobal
